Microsoft Visual Studio Solution File, Format Version 12.00
# Visual Studio Version 17
VisualStudioVersion = 17.5.2.0
MinimumVisualStudioVersion = 10.0.40219.1
Project("{FAE04EC0-301F-11D3-BF4B-00C04F79EFBC}") = "CosmosDBSQLApiExample", "CosmosDBSQLApiExample\CosmosDBSQLApiExample.csproj", "{12566AD3-0A58-1992-B7D3-0009D2B62B63}"
EndProject
Global
	GlobalSection(SolutionConfigurationPlatforms) = preSolution
		Debug|Any CPU = Debug|Any CPU
		Release|Any CPU = Release|Any CPU
	EndGlobalSection
	GlobalSection(ProjectConfigurationPlatforms) = postSolution
		{12566AD3-0A58-1992-B7D3-0009D2B62B63}.Debug|Any CPU.ActiveCfg = Debug|Any CPU
		{12566AD3-0A58-1992-B7D3-0009D2B62B63}.Debug|Any CPU.Build.0 = Debug|Any CPU
		{12566AD3-0A58-1992-B7D3-0009D2B62B63}.Release|Any CPU.ActiveCfg = Release|Any CPU
		{12566AD3-0A58-1992-B7D3-0009D2B62B63}.Release|Any CPU.Build.0 = Release|Any CPU
	EndGlobalSection
	GlobalSection(SolutionProperties) = preSolution
		HideSolutionNode = FALSE
	EndGlobalSection
	GlobalSection(ExtensibilityGlobals) = postSolution
		SolutionGuid = {EE9D6B68-4A68-4785-A289-C9F214D368A6}
	EndGlobalSection
EndGlobal
